Microsoft Visual Studio Solution File, Format Version 11.00
# Visual Studio 2008

Project("{BF51A80F-A500-5F2A-429A-4A370983F058}") = "paralell", "Assembly-CSharp.csproj", "{BF82CE60-4D8B-FFE0-083E-89C702EE8938}"
EndProject
Global
	GlobalSection(SolutionConfigurationPlatforms) = preSolution
		Debug|Any CPU = Debug|Any CPU
		Release|Any CPU = Release|Any CPU
	EndGlobalSection
	GlobalSection(ProjectConfigurationPlatforms) = postSolution
		{BF82CE60-4D8B-FFE0-083E-89C702EE8938}.Debug|Any CPU.ActiveCfg = Debug|Any CPU
		{BF82CE60-4D8B-FFE0-083E-89C702EE8938}.Debug|Any CPU.Build.0 = Debug|Any CPU
		{BF82CE60-4D8B-FFE0-083E-89C702EE8938}.Release|Any CPU.ActiveCfg = Release|Any CPU
		{BF82CE60-4D8B-FFE0-083E-89C702EE8938}.Release|Any CPU.Build.0 = Release|Any CPU
	EndGlobalSection
	GlobalSection(SolutionProperties) = preSolution
		HideSolutionNode = FALSE
	EndGlobalSection
	GlobalSection(MonoDevelopProperties) = preSolution
		StartupItem = Assembly-CSharp.csproj
	EndGlobalSection
EndGlobal
